<?xml version="1.0" encoding="utf-8"?>
<Project ToolsVersion="4.0" xmlns="http://schemas.microsoft.com/developer/msbuild/2003">
  <ItemGroup>
    <Filter Include="Source Files">
      <UniqueIdentifier>{4FC737F1-C7A5-4376-A066-2A32D752A2FF}</UniqueIdentifier>
      <Extensions>cpp;c;cc;cxx;def;odl;idl;hpj;bat;asm;asmx</Extensions>
    </Filter>
    <Filter Include="Header Files">
      <UniqueIdentifier>{93995380-89BD-4b04-88EB-625FBE52EBFB}</UniqueIdentifier>
      <Extensions>h;hh;hpp;hxx;hm;inl;inc;xsd</Extensions>
    </Filter>
    <Filter Include="Resource Files">
      <UniqueIdentifier>{67DA6AB6-F800-4c08-8B7A-83BB121AAD01}</UniqueIdentifier>
      <Extensions>rc;ico;cur;bmp;dlg;rc2;rct;bin;rgs;gif;jpg;jpeg;jpe;resx;tiff;tif;png;wav;mfcribbon-ms</Extensions>
    </Filter>
    <Filter Include="Util">
      <UniqueIdentifier>{dc66cfd7-e81a-4cae-a816-d792a1695c43}</UniqueIdentifier>
    </Filter>
    <Filter Include="Shaders">
      <UniqueIdentifier>{2a649379-0fbe-4a91-aa1e-9c44927cf898}</UniqueIdentifier>
    </Filter>
    <Filter Include="MeshData">
      <UniqueIdentifier>{6eaa8125-4289-4943-8c71-42041fab05a5}</UniqueIdentifier>
    </Filter>
    <Filter Include="Primitive">
      <UniqueIdentifier>{4235255e-fec7-4d5c-8c3e-706756d20045}</UniqueIdentifier>
    </Filter>
    <Filter Include="Render">
      <UniqueIdentifier>{3753e863-efbf-4574-9d3d-8cdd3d9f7bb7}</UniqueIdentifier>
    </Filter>
    <Filter Include="Math">
      <UniqueIdentifier>{e4fc4a9e-49e5-4d7f-a97f-79eeb15f5d6e}</UniqueIdentifier>
    </Filter>
    <Filter Include="Functional">
      <UniqueIdentifier>{c078c2d4-672a-4ef1-bc7c-2b6824498c02}</UniqueIdentifier>
    </Filter>
  </ItemGroup>
  <ItemGroup>
    <ClInclude Include="d3dApp.h">
      <Filter>Util</Filter>
    </ClInclude>
    <ClInclude Include="d3dUtil.h">
      <Filter>Util</Filter>
    </ClInclude>
    <ClInclude Include="DDSTextureLoader.h">
      <Filter>Util</Filter>
    </ClInclude>
    <ClInclude Include="GameTimer.h">
      <Filter>Util</Filter>
    </ClInclude>
    <ClInclude Include="GeometryGenerator.h">
      <Filter>Util</Filter>
    </ClInclude>
    <ClInclude Include="lighthelper.h">
      <Filter>Util</Filter>
    </ClInclude>
    <ClInclude Include="MathHelper.h">
      <Filter>Util</Filter>
    </ClInclude>
    <ClInclude Include="TextureMgr.h">
      <Filter>Util</Filter>
    </ClInclude>
    <ClInclude Include="Waves.h">
      <Filter>Util</Filter>
    </ClInclude>
    <ClInclude Include="framework.h">
      <Filter>Source Files</Filter>
    </ClInclude>
    <ClInclude Include="FBX.h">
      <Filter>Source Files</Filter>
    </ClInclude>
    <ClInclude Include="meshPresets.h">
      <Filter>MeshData</Filter>
    </ClInclude>
    <ClInclude Include="bone.h">
      <Filter>Primitive</Filter>
    </ClInclude>
    <ClInclude Include="asset.h">
      <Filter>Primitive</Filter>
    </ClInclude>
    <ClInclude Include="mesh.h">
      <Filter>Primitive</Filter>
    </ClInclude>
    <ClInclude Include="animation.h">
      <Filter>Render</Filter>
    </ClInclude>
    <ClInclude Include="shader.h">
      <Filter>Render</Filter>
    </ClInclude>
    <ClInclude Include="states.h">
      <Filter>Render</Filter>
    </ClInclude>
    <ClInclude Include="VQS.h">
      <Filter>Math</Filter>
    </ClInclude>
    <ClInclude Include="quaternion.h">
      <Filter>Math</Filter>
    </ClInclude>
    <ClInclude Include="skeleton.h">
      <Filter>Primitive</Filter>
    </ClInclude>
    <ClInclude Include="spline.h">
      <Filter>Primitive</Filter>
    </ClInclude>
    <ClInclude Include="curvePresets.h">
      <Filter>MeshData</Filter>
    </ClInclude>
    <ClInclude Include="movement.h">
      <Filter>Functional</Filter>
    </ClInclude>
  </ItemGroup>
  <ItemGroup>
    <ClCompile Include="framework.cpp">
      <Filter>Source Files</Filter>
    </ClCompile>
    <ClCompile Include="d3dApp.cpp">
      <Filter>Util</Filter>
    </ClCompile>
    <ClCompile Include="d3dUtil.cpp">
      <Filter>Util</Filter>
    </ClCompile>
    <ClCompile Include="DDSTextureLoader.cpp">
      <Filter>Util</Filter>
    </ClCompile>
    <ClCompile Include="GameTimer.cpp">
      <Filter>Util</Filter>
    </ClCompile>
    <ClCompile Include="GeometryGenerator.cpp">
      <Filter>Util</Filter>
    </ClCompile>
    <ClCompile Include="LightHelper.cpp">
      <Filter>Util</Filter>
    </ClCompile>
    <ClCompile Include="MathHelper.cpp">
      <Filter>Util</Filter>
    </ClCompile>
    <ClCompile Include="TextureMgr.cpp">
      <Filter>Util</Filter>
    </ClCompile>
    <ClCompile Include="Waves.cpp">
      <Filter>Util</Filter>
    </ClCompile>
    <ClCompile Include="main.cpp">
      <Filter>Source Files</Filter>
    </ClCompile>
    <ClCompile Include="FBX.cpp">
      <Filter>Source Files</Filter>
    </ClCompile>
    <ClCompile Include="bone.cpp">
      <Filter>Primitive</Filter>
    </ClCompile>
    <ClCompile Include="asset.cpp">
      <Filter>Primitive</Filter>
    </ClCompile>
    <ClCompile Include="mesh.cpp">
      <Filter>Primitive</Filter>
    </ClCompile>
    <ClCompile Include="animation.cpp">
      <Filter>Render</Filter>
    </ClCompile>
    <ClCompile Include="shader.cpp">
      <Filter>Render</Filter>
    </ClCompile>
    <ClCompile Include="states.cpp">
      <Filter>Render</Filter>
    </ClCompile>
    <ClCompile Include="VQS.cpp">
      <Filter>Math</Filter>
    </ClCompile>
    <ClCompile Include="quaternion.cpp">
      <Filter>Math</Filter>
    </ClCompile>
    <ClCompile Include="skeleton.cpp">
      <Filter>Primitive</Filter>
    </ClCompile>
    <ClCompile Include="spline.cpp">
      <Filter>Primitive</Filter>
    </ClCompile>
    <ClCompile Include="movement.cpp">
      <Filter>Functional</Filter>
    </ClCompile>
  </ItemGroup>
  <ItemGroup>
    <FxCompile Include="DefaultVS.hlsl">
      <Filter>Shaders</Filter>
    </FxCompile>
    <FxCompile Include="DefaultPS.hlsl">
      <Filter>Shaders</Filter>
    </FxCompile>
    <FxCompile Include="CurveVS.hlsl">
      <Filter>Shaders</Filter>
    </FxCompile>
    <FxCompile Include="CurvePS.hlsl">
      <Filter>Shaders</Filter>
    </FxCompile>
  </ItemGroup>
</Project>